// !$*UTF8*$!
{
	archiveVersion = 1;
	classes = {
	};
	objectVersion = 51;
	objects = {

/* Begin PBXBuildFile section */
		79569B5323DC90AD0002A85B /* AppDelegate.swift in Sources */ = {isa = PBXBuildFile; fileRef = 79569B5223DC90AD0002A85B /* AppDelegate.swift */; };
		79569B5523DC90AD0002A85B /* SceneDelegate.swift in Sources */ = {isa = PBXBuildFile; fileRef = 79569B5423DC90AD0002A85B /* SceneDelegate.swift */; };
		79569B5723DC90AD0002A85B /* ViewController.swift in Sources */ = {isa = PBXBuildFile; fileRef = 79569B5623DC90AD0002A85B /* ViewController.swift */; };
		79569B5A23DC90AD0002A85B /* Main.storyboard in Resources */ = {isa = PBXBuildFile; fileRef = 79569B5823DC90AD0002A85B /* Main.storyboard */; };
		79569B5C23DC90AF0002A85B /* Assets.xcassets in Resources */ = {isa = PBXBuildFile; fileRef = 79569B5B23DC90AF0002A85B /* Assets.xcassets */; };
		79569B5F23DC90AF0002A85B /* LaunchScreen.storyboard in Resources */ = {isa = PBXBuildFile; fileRef = 79569B5D23DC90AF0002A85B /* LaunchScreen.storyboard */; };
		79569B6723DC918E0002A85B /* MyCollectionViewCell.swift in Sources */ = {isa = PBXBuildFile; fileRef = 79569B6623DC918E0002A85B /* MyCollectionViewCell.swift */; };
		79569B6923DD26EE0002A85B /* ImageViewController.swift in Sources */ = {isa = PBXBuildFile; fileRef = 79569B6823DD26EE0002A85B /* ImageViewController.swift */; };
		CFB0F826F253309DE24450A3 /* Pods_redditImages_CollectionView.framework in Frameworks */ = {isa = PBXBuildFile; fileRef = 39596E0A7947A1F5F0300485 /* Pods_redditImages_CollectionView.framework */; };
/* End PBXBuildFile section */

/* Begin PBXFileReference section */
		39596E0A7947A1F5F0300485 /* Pods_redditImages_CollectionView.framework */ = {isa = PBXFileReference; explicitFileType = wrapper.framework; includeInIndex = 0; path = Pods_redditImages_CollectionView.framework; sourceTree = BUILT_PRODUCTS_DIR; };
		3D724BFCBB41DFD7EF79F82B /* Pods-redditImages_CollectionView.debug.xcconfig */ = {isa = PBXFileReference; includeInIndex = 1; lastKnownFileType = text.xcconfig; name = "Pods-redditImages_CollectionView.debug.xcconfig"; path = "Target Support Files/Pods-redditImages_CollectionView/Pods-redditImages_CollectionView.debug.xcconfig"; sourceTree = "<group>"; };
		61F5C8183017FB4B5026C999 /* Pods-redditImages_CollectionView.release.xcconfig */ = {isa = PBXFileReference; includeInIndex = 1; lastKnownFileType = text.xcconfig; name = "Pods-redditImages_CollectionView.release.xcconfig"; path = "Target Support Files/Pods-redditImages_CollectionView/Pods-redditImages_CollectionView.release.xcconfig"; sourceTree = "<group>"; };
		79569B4F23DC90AD0002A85B /* redditImages_CollectionView.app */ = {isa = PBXFileReference; explicitFileType = wrapper.application; includeInIndex = 0; path = redditImages_CollectionView.app; sourceTree = BUILT_PRODUCTS_DIR; };
		79569B5223DC90AD0002A85B /* AppDelegate.swift */ = {isa = PBXFileReference; lastKnownFileType = sourcecode.swift; path = AppDelegate.swift; sourceTree = "<group>"; };
		79569B5423DC90AD0002A85B /* SceneDelegate.swift */ = {isa = PBXFileReference; lastKnownFileType = sourcecode.swift; path = SceneDelegate.swift; sourceTree = "<group>"; };
		79569B5623DC90AD0002A85B /* ViewController.swift */ = {isa = PBXFileReference; lastKnownFileType = sourcecode.swift; path = ViewController.swift; sourceTree = "<group>"; };
		79569B5923DC90AD0002A85B /* Base */ = {isa = PBXFileReference; lastKnownFileType = file.storyboard; name = Base; path = Base.lproj/Main.storyboard; sourceTree = "<group>"; };
		79569B5B23DC90AF0002A85B /* Assets.xcassets */ = {isa = PBXFileReference; lastKnownFileType = folder.assetcatalog; path = Assets.xcassets; sourceTree = "<group>"; };
		79569B5E23DC90AF0002A85B /* Base */ = {isa = PBXFileReference; lastKnownFileType = file.storyboard; name = Base; path = Base.lproj/LaunchScreen.storyboard; sourceTree = "<group>"; };
		79569B6023DC90AF0002A85B /* Info.plist */ = {isa = PBXFileReference; lastKnownFileType = text.plist.xml; path = Info.plist; sourceTree = "<group>"; };
		79569B6623DC918E0002A85B /* MyCollectionViewCell.swift */ = {isa = PBXFileReference; lastKnownFileType = sourcecode.swift; path = MyCollectionViewCell.swift; sourceTree = "<group>"; };
		79569B6823DD26EE0002A85B /* ImageViewController.swift */ = {isa = PBXFileReference; lastKnownFileType = sourcecode.swift; path = ImageViewController.swift; sourceTree = "<group>"; };
/* End PBXFileReference section */

/* Begin PBXFrameworksBuildPhase section */
		79569B4C23DC90AD0002A85B /* Frameworks */ = {
			isa = PBXFrameworksBuildPhase;
			buildActionMask = 2147483647;
			files = (
				CFB0F826F253309DE24450A3 /* Pods_redditImages_CollectionView.framework in Frameworks */,
			);
			runOnlyForDeploymentPostprocessing = 0;
		};
/* End PBXFrameworksBuildPhase section */

/* Begin PBXGroup section */
		3AE637CC4A50906129C3AF8F /* Pods */ = {
			isa = PBXGroup;
			children = (
				3D724BFCBB41DFD7EF79F82B /* Pods-redditImages_CollectionView.debug.xcconfig */,
				61F5C8183017FB4B5026C999 /* Pods-redditImages_CollectionView.release.xcconfig */,
			);
			path = Pods;
			sourceTree = "<group>";
		};
		7011373C10CC650FBE8C21C8 /* Frameworks */ = {
			isa = PBXGroup;
			children = (
				39596E0A7947A1F5F0300485 /* Pods_redditImages_CollectionView.framework */,
			);
			name = Frameworks;
			sourceTree = "<group>";
		};
		79569B4623DC90AD0002A85B = {
			isa = PBXGroup;
			children = (
				79569B5123DC90AD0002A85B /* redditImages_CollectionView */,
				79569B5023DC90AD0002A85B /* Products */,
				3AE637CC4A50906129C3AF8F /* Pods */,
				7011373C10CC650FBE8C21C8 /* Frameworks */,
			);
			sourceTree = "<group>";
		};
		79569B5023DC90AD0002A85B /* Products */ = {
			isa = PBXGroup;
			children = (
				79569B4F23DC90AD0002A85B /* redditImages_CollectionView.app */,
			);
			name = Products;
			sourceTree = "<group>";
		};
		79569B5123DC90AD0002A85B /* redditImages_CollectionView */ = {
			isa = PBXGroup;
			children = (
				79569B5223DC90AD0002A85B /* AppDelegate.swift */,
				79569B5423DC90AD0002A85B /* SceneDelegate.swift */,
				79569B5623DC90AD0002A85B /* ViewController.swift */,
				79569B5823DC90AD0002A85B /* Main.storyboard */,
				79569B6823DD26EE0002A85B /* ImageViewController.swift */,
				79569B6623DC918E0002A85B /* MyCollectionViewCell.swift */,
				79569B5B23DC90AF0002A85B /* Assets.xcassets */,
				79569B5D23DC90AF0002A85B /* LaunchScreen.storyboard */,
				79569B6023DC90AF0002A85B /* Info.plist */,
			);
			path = redditImages_CollectionView;
			sourceTree = "<group>";
		};
/* End PBXGroup section */

/* Begin PBXNativeTarget section */
		79569B4E23DC90AD0002A85B /* redditImages_CollectionView */ = {
			isa = PBXNativeTarget;
			buildConfigurationList = 79569B6323DC90AF0002A85B /* Build configuration list for PBXNativeTarget "redditImages_CollectionView" */;
			buildPhases = (
				7BF960120436234BCE7DB2B2 /* [CP] Check Pods Manifest.lock */,
				79569B4B23DC90AD0002A85B /* Sources */,
				79569B4C23DC90AD0002A85B /* Frameworks */,
				79569B4D23DC90AD0002A85B /* Resources */,
				542A70AB1939921CC3D132F0 /* [CP] Embed Pods Frameworks */,
			);
			buildRules = (
			);
			dependencies = (
			);
			name = redditImages_CollectionView;
			productName = redditImages_CollectionView;
			productReference = 79569B4F23DC90AD0002A85B /* redditImages_CollectionView.app */;
			productType = "com.apple.product-type.application";
		};
/* End PBXNativeTarget section */

/* Begin PBXProject section */
		79569B4723DC90AD0002A85B /* Project object */ = {
			isa = PBXProject;
			attributes = {
				LastSwiftUpdateCheck = 1130;
				LastUpgradeCheck = 1130;
				ORGANIZATIONNAME = "Sandeep Anjaneya";
				TargetAttributes = {
					79569B4E23DC90AD0002A85B = {
						CreatedOnToolsVersion = 11.3.1;
					};
				};
			};
			buildConfigurationList = 79569B4A23DC90AD0002A85B /* Build configuration list for PBXProject "redditImages_CollectionView" */;
			compatibilityVersion = "Xcode 9.3";
			developmentRegion = en;
			hasScannedForEncodings = 0;
			knownRegions = (
				en,
				Base,
			);
			mainGroup = 79569B4623DC90AD0002A85B;
			productRefGroup = 79569B5023DC90AD0002A85B /* Products */;
			projectDirPath = "";
			projectRoot = "";
			targets = (
				79569B4E23DC90AD0002A85B /* redditImages_CollectionView */,
			);
		};
/* End PBXProject section */

/* Begin PBXResourcesBuildPhase section */
		79569B4D23DC90AD0002A85B /* Resources */ = {
			isa = PBXResourcesBuildPhase;
			buildActionMask = 2147483647;
			files = (
				79569B5F23DC90AF0002A85B /* LaunchScreen.storyboard in Resources */,
				79569B5C23DC90AF0002A85B /* Assets.xcassets in Resources */,
				79569B5A23DC90AD0002A85B /* Main.storyboard in Resources */,
			);
			runOnlyForDeploymentPostprocessing = 0;
		};
/* End PBXResourcesBuildPhase section */

/* Begin PBXShellScriptBuildPhase section */
		542A70AB1939921CC3D132F0 /* [CP] Embed Pods Frameworks */ = {
			isa = PBXShellScriptBuildPhase;
			buildActionMask = 2147483647;
			files = (
			);
			inputFileListPaths = (
				"${PODS_ROOT}/Target Support Files/Pods-redditImages_CollectionView/Pods-redditImages_CollectionView-frameworks-${CONFIGURATION}-input-files.xcfilelist",
			);
			name = "[CP] Embed Pods Frameworks";
			outputFileListPaths = (
				"${PODS_ROOT}/Target Support Files/Pods-redditImages_CollectionView/Pods-redditImages_CollectionView-frameworks-${CONFIGURATION}-output-files.xcfilelist",
			);
			runOnlyForDeploymentPostprocessing = 0;
			shellPath = /bin/sh;
			shellScript = "\"${PODS_ROOT}/Target Support Files/Pods-redditImages_CollectionView/Pods-redditImages_CollectionView-frameworks.sh\"\n";
			showEnvVarsInLog = 0;
		};
		7BF960120436234BCE7DB2B2 /* [CP] Check Pods Manifest.lock */ = {
			isa = PBXShellScriptBuildPhase;
			buildActionMask = 2147483647;
			files = (
			);
			inputFileListPaths = (
			);
			inputPaths = (
				"${PODS_PODFILE_DIR_PATH}/Podfile.lock",
				"${PODS_ROOT}/Manifest.lock",
			);
			name = "[CP] Check Pods Manifest.lock";
			outputFileListPaths = (
			);
			outputPaths = (
				"$(DERIVED_FILE_DIR)/Pods-redditImages_CollectionView-checkManifestLockResult.txt",
			);
			runOnlyForDeploymentPostprocessing = 0;
			shellPath = /bin/sh;
			shellScript = "diff \"${PODS_PODFILE_DIR_PATH}/Podfile.lock\" \"${PODS_ROOT}/Manifest.lock\" > /dev/null\nif [ $? != 0 ] ; then\n    # print error to STDERR\n    echo \"error: The sandbox is not in sync with the Podfile.lock. Run 'pod install' or update your CocoaPods installation.\" >&2\n    exit 1\nfi\n# This output is used by Xcode 'outputs' to avoid re-running this script phase.\necho \"SUCCESS\" > \"${SCRIPT_OUTPUT_FILE_0}\"\n";
			showEnvVarsInLog = 0;
		};
/* End PBXShellScriptBuildPhase section */

/* Begin PBXSourcesBuildPhase section */
		79569B4B23DC90AD0002A85B /* Sources */ = {
			isa = PBXSourcesBuildPhase;
			buildActionMask = 2147483647;
			files = (
				79569B5723DC90AD0002A85B /* ViewController.swift in Sources */,
				79569B5323DC90AD0002A85B /* AppDelegate.swift in Sources */,
				79569B6923DD26EE0002A85B /* ImageViewController.swift in Sources */,
				79569B6723DC918E0002A85B /* MyCollectionViewCell.swift in Sources */,
				79569B5523DC90AD0002A85B /* SceneDelegate.swift in Sources */,
			);
			runOnlyForDeploymentPostprocessing = 0;
		};
/* End PBXSourcesBuildPhase section */

/* Begin PBXVariantGroup section */
		79569B5823DC90AD0002A85B /* Main.storyboard */ = {
			isa = PBXVariantGroup;
			children = (
				79569B5923DC90AD0002A85B /* Base */,
			);
			name = Main.storyboard;
			sourceTree = "<group>";
		};
		79569B5D23DC90AF0002A85B /* LaunchScreen.storyboard */ = {
			isa = PBXVariantGroup;
			children = (
				79569B5E23DC90AF0002A85B /* Base */,
			);
			name = LaunchScreen.storyboard;
			sourceTree = "<group>";
		};
/* End PBXVariantGroup section */

/* Begin XCBuildConfiguration section */
		79569B6123DC90AF0002A85B /* Debug */ = {
			isa = XCBuildConfiguration;
			buildSettings = {
				ALWAYS_SEARCH_USER_PATHS = NO;
				CLANG_ANALYZER_NONNULL = YES;
				CLANG_ANALYZER_NUMBER_OBJECT_CONVERSION = YES_AGGRESSIVE;
				CLANG_CXX_LANGUAGE_STANDARD = "gnu++14";
				CLANG_CXX_LIBRARY = "libc++";
				CLANG_ENABLE_MODULES = YES;
				CLANG_ENABLE_OBJC_ARC = YES;
				CLANG_ENABLE_OBJC_WEAK = YES;
				CLANG_WARN_BLOCK_CAPTURE_AUTORELEASING = YES;
				CLANG_WARN_BOOL_CONVERSION = YES;
				CLANG_WARN_COMMA = YES;
				CLANG_WARN_CONSTANT_CONVERSION = YES;
				CLANG_WARN_DEPRECATED_OBJC_IMPLEMENTATIONS = YES;
				CLANG_WARN_DIRECT_OBJC_ISA_USAGE = YES_ERROR;
				CLANG_WARN_DOCUMENTATION_COMMENTS = YES;
				CLANG_WARN_EMPTY_BODY = YES;
				CLANG_WARN_ENUM_CONVERSION = YES;
				CLANG_WARN_INFINITE_RECURSION = YES;
				CLANG_WARN_INT_CONVERSION = YES;
				CLANG_WARN_NON_LITERAL_NULL_CONVERSION = YES;
				CLANG_WARN_OBJC_IMPLICIT_RETAIN_SELF = YES;
				CLANG_WARN_OBJC_LITERAL_CONVERSION = YES;
				CLANG_WARN_OBJC_ROOT_CLASS = YES_ERROR;
				CLANG_WARN_RANGE_LOOP_ANALYSIS = YES;
				CLANG_WARN_STRICT_PROTOTYPES = YES;
				CLANG_WARN_SUSPICIOUS_MOVE = YES;
				CLANG_WARN_UNGUARDED_AVAILABILITY = YES_AGGRESSIVE;
				CLANG_WARN_UNREACHABLE_CODE = YES;
				CLANG_WARN__DUPLICATE_METHOD_MATCH = YES;
				COPY_PHASE_STRIP = NO;
				DEBUG_INFORMATION_FORMAT = dwarf;
				ENABLE_STRICT_OBJC_MSGSEND = YES;
				ENABLE_TESTABILITY = YES;
				GCC_C_LANGUAGE_STANDARD = gnu11;
				GCC_DYNAMIC_NO_PIC = NO;
				GCC_NO_COMMON_BLOCKS = YES;
				GCC_OPTIMIZATION_LEVEL = 0;
				GCC_PREPROCESSOR_DEFINITIONS = (
					"DEBUG=1",
					"$(inherited)",
				);
				GCC_WARN_64_TO_32_BIT_CONVERSION = YES;
				GCC_WARN_ABOUT_RETURN_TYPE = YES_ERROR;
				GCC_WARN_UNDECLARED_SELECTOR = YES;
				GCC_WARN_UNINITIALIZED_AUTOS = YES_AGGRESSIVE;
				GCC_WARN_UNUSED_FUNCTION = YES;
				GCC_WARN_UNUSED_VARIABLE = YES;
				IPHONEOS_DEPLOYMENT_TARGET = 13.2;
				MTL_ENABLE_DEBUG_INFO = INCLUDE_SOURCE;
				MTL_FAST_MATH = YES;
				ONLY_ACTIVE_ARCH = YES;
				SDKROOT = iphoneos;
				SWIFT_ACTIVE_COMPILATION_CONDITIONS = DEBUG;
				SWIFT_OPTIMIZATION_LEVEL = "-Onone";
			};
			name = Debug;
		};
		79569B6223DC90AF0002A85B /* Release */ = {
			isa = XCBuildConfiguration;
			buildSettings = {
				ALWAYS_SEARCH_USER_PATHS = NO;
				CLANG_ANALYZER_NONNULL = YES;
				CLANG_ANALYZER_NUMBER_OBJECT_CONVERSION = YES_AGGRESSIVE;
				CLANG_CXX_LANGUAGE_STANDARD = "gnu++14";
				CLANG_CXX_LIBRARY = "libc++";
				CLANG_ENABLE_MODULES = YES;
				CLANG_ENABLE_OBJC_ARC = YES;
				CLANG_ENABLE_OBJC_WEAK = YES;
				CLANG_WARN_BLOCK_CAPTURE_AUTORELEASING = YES;
				CLANG_WARN_BOOL_CONVERSION = YES;
				CLANG_WARN_COMMA = YES;
				CLANG_WARN_CONSTANT_CONVERSION = YES;
				CLANG_WARN_DEPRECATED_OBJC_IMPLEMENTATIONS = YES;
				CLANG_WARN_DIRECT_OBJC_ISA_USAGE = YES_ERROR;
				CLANG_WARN_DOCUMENTATION_COMMENTS = YES;
				CLANG_WARN_EMPTY_BODY = YES;
				CLANG_WARN_ENUM_CONVERSION = YES;
				CLANG_WARN_INFINITE_RECURSION = YES;
				CLANG_WARN_INT_CONVERSION = YES;
				CLANG_WARN_NON_LITERAL_NULL_CONVERSION = YES;
				CLANG_WARN_OBJC_IMPLICIT_RETAIN_SELF = YES;
				CLANG_WARN_OBJC_LITERAL_CONVERSION = YES;
				CLANG_WARN_OBJC_ROOT_CLASS = YES_ERROR;
				CLANG_WARN_RANGE_LOOP_ANALYSIS = YES;
				CLANG_WARN_STRICT_PROTOTYPES = YES;
				CLANG_WARN_SUSPICIOUS_MOVE = YES;
				CLANG_WARN_UNGUARDED_AVAILABILITY = YES_AGGRESSIVE;
				CLANG_WARN_UNREACHABLE_CODE = YES;
				CLANG_WARN__DUPLICATE_METHOD_MATCH = YES;
				COPY_PHASE_STRIP = NO;
				DEBUG_INFORMATION_FORMAT = "dwarf-with-dsym";
				ENABLE_NS_ASSERTIONS = NO;
				ENABLE_STRICT_OBJC_MSGSEND = YES;
				GCC_C_LANGUAGE_STANDARD = gnu11;
				GCC_NO_COMMON_BLOCKS = YES;
				GCC_WARN_64_TO_32_BIT_CONVERSION = YES;
				GCC_WARN_ABOUT_RETURN_TYPE = YES_ERROR;
				GCC_WARN_UNDECLARED_SELECTOR = YES;
				GCC_WARN_UNINITIALIZED_AUTOS = YES_AGGRESSIVE;
				GCC_WARN_UNUSED_FUNCTION = YES;
				GCC_WARN_UNUSED_VARIABLE = YES;
				IPHONEOS_DEPLOYMENT_TARGET = 13.2;
				MTL_ENABLE_DEBUG_INFO = NO;
				MTL_FAST_MATH = YES;
				SDKROOT = iphoneos;
				SWIFT_COMPILATION_MODE = wholemodule;
				SWIFT_OPTIMIZATION_LEVEL = "-O";
				VALIDATE_PRODUCT = YES;
			};
			name = Release;
		};
		79569B6423DC90AF0002A85B /* Debug */ = {
			isa = XCBuildConfiguration;
			baseConfigurationReference = 3D724BFCBB41DFD7EF79F82B /* Pods-redditImages_CollectionView.debug.xcconfig */;
			buildSettings = {
				ASSETCATALOG_COMPILER_APPICON_NAME = AppIcon;
				CODE_SIGN_STYLE = Automatic;
				INFOPLIST_FILE = redditImages_CollectionView/Info.plist;
				LD_RUNPATH_SEARCH_PATHS = (
					"$(inherited)",
					"@executable_path/Frameworks",
				);
				PRODUCT_BUNDLE_IDENTIFIER = "com.sanjaneya.redditImages-CollectionView";
				PRODUCT_NAME = "$(TARGET_NAME)";
				SWIFT_VERSION = 5.0;
				TARGETED_DEVICE_FAMILY = "1,2";
			};
			name = Debug;
		};
		79569B6523DC90AF0002A85B /* Release */ = {
			isa = XCBuildConfiguration;
			baseConfigurationReference = 61F5C8183017FB4B5026C999 /* Pods-redditImages_CollectionView.release.xcconfig */;
			buildSettings = {
				ASSETCATALOG_COMPILER_APPICON_NAME = AppIcon;
				CODE_SIGN_STYLE = Automatic;
				INFOPLIST_FILE = redditImages_CollectionView/Info.plist;
				LD_RUNPATH_SEARCH_PATHS = (
					"$(inherited)",
					"@executable_path/Frameworks",
				);
				PRODUCT_BUNDLE_IDENTIFIER = "com.sanjaneya.redditImages-CollectionView";
				PRODUCT_NAME = "$(TARGET_NAME)";
				SWIFT_VERSION = 5.0;
				TARGETED_DEVICE_FAMILY = "1,2";
			};
			name = Release;
		};
/* End XCBuildConfiguration section */

/* Begin XCConfigurationList section */
		79569B4A23DC90AD0002A85B /* Build configuration list for PBXProject "redditImages_CollectionView" */ = {
			isa = XCConfigurationList;
			buildConfigurations = (
				79569B6123DC90AF0002A85B /* Debug */,
				79569B6223DC90AF0002A85B /* Release */,
			);
			defaultConfigurationIsVisible = 0;
			defaultConfigurationName = Release;
		};
		79569B6323DC90AF0002A85B /* Build configuration list for PBXNativeTarget "redditImages_CollectionView" */ = {
			isa = XCConfigurationList;
			buildConfigurations = (
				79569B6423DC90AF0002A85B /* Debug */,
				79569B6523DC90AF0002A85B /* Release */,
			);
			defaultConfigurationIsVisible = 0;
			defaultConfigurationName = Release;
		};
/* End XCConfigurationList section */
	};
	rootObject = 79569B4723DC90AD0002A85B /* Project object */;
}
